// !$*UTF8*$!
{
	archiveVersion = 1;
	classes = {
	};
	objectVersion = 50;
	objects = {

/* Begin PBXBuildFile section */
		0A54E4C624B671B300358DE4 /* DashboardViewController.swift in Sources */ = {isa = PBXBuildFile; fileRef = 0A54E4C524B671B300358DE4 /* DashboardViewController.swift */; };
		0A83FF8E24B662A2006B2153 /* AppDelegate.swift in Sources */ = {isa = PBXBuildFile; fileRef = 0A83FF8D24B662A2006B2153 /* AppDelegate.swift */; };
		0A83FF9024B662A2006B2153 /* SceneDelegate.swift in Sources */ = {isa = PBXBuildFile; fileRef = 0A83FF8F24B662A2006B2153 /* SceneDelegate.swift */; };
		0A83FF9524B662A2006B2153 /* Main.storyboard in Resources */ = {isa = PBXBuildFile; fileRef = 0A83FF9324B662A2006B2153 /* Main.storyboard */; };
		0A83FF9724B662A3006B2153 /* Assets.xcassets in Resources */ = {isa = PBXBuildFile; fileRef = 0A83FF9624B662A3006B2153 /* Assets.xcassets */; };
		0A83FF9A24B662A3006B2153 /* LaunchScreen.storyboard in Resources */ = {isa = PBXBuildFile; fileRef = 0A83FF9824B662A3006B2153 /* LaunchScreen.storyboard */; };
		0A83FFA224B667D5006B2153 /* GoogleService-Info.plist in Resources */ = {isa = PBXBuildFile; fileRef = 0A83FFA124B667D5006B2153 /* GoogleService-Info.plist */; };
		367E8FE8F82531507B3B62CC /* Pods_The_Blessing.framework in Frameworks */ = {isa = PBXBuildFile; fileRef = D4AC7E285525161BC519F796 /* Pods_The_Blessing.framework */; };
/* End PBXBuildFile section */

/* Begin PBXFileReference section */
		0A54E4C524B671B300358DE4 /* DashboardViewController.swift */ = {isa = PBXFileReference; lastKnownFileType = sourcecode.swift; path = DashboardViewController.swift; sourceTree = "<group>"; };
		0A83FF8A24B662A2006B2153 /* The Blessing.app */ = {isa = PBXFileReference; explicitFileType = wrapper.application; includeInIndex = 0; path = "The Blessing.app"; sourceTree = BUILT_PRODUCTS_DIR; };
		0A83FF8D24B662A2006B2153 /* AppDelegate.swift */ = {isa = PBXFileReference; lastKnownFileType = sourcecode.swift; path = AppDelegate.swift; sourceTree = "<group>"; };
		0A83FF8F24B662A2006B2153 /* SceneDelegate.swift */ = {isa = PBXFileReference; lastKnownFileType = sourcecode.swift; path = SceneDelegate.swift; sourceTree = "<group>"; };
		0A83FF9424B662A2006B2153 /* Base */ = {isa = PBXFileReference; lastKnownFileType = file.storyboard; name = Base; path = Base.lproj/Main.storyboard; sourceTree = "<group>"; };
		0A83FF9624B662A3006B2153 /* Assets.xcassets */ = {isa = PBXFileReference; lastKnownFileType = folder.assetcatalog; path = Assets.xcassets; sourceTree = "<group>"; };
		0A83FF9924B662A3006B2153 /* Base */ = {isa = PBXFileReference; lastKnownFileType = file.storyboard; name = Base; path = Base.lproj/LaunchScreen.storyboard; sourceTree = "<group>"; };
		0A83FF9B24B662A3006B2153 /* Info.plist */ = {isa = PBXFileReference; lastKnownFileType = text.plist.xml; path = Info.plist; sourceTree = "<group>"; };
		0A83FFA124B667D5006B2153 /* GoogleService-Info.plist */ = {isa = PBXFileReference; fileEncoding = 4; lastKnownFileType = text.plist.xml; path = "GoogleService-Info.plist"; sourceTree = "<group>"; };
		6BBB5732380747C0209BC78B /* Pods-The Blessing.release.xcconfig */ = {isa = PBXFileReference; includeInIndex = 1; lastKnownFileType = text.xcconfig; name = "Pods-The Blessing.release.xcconfig"; path = "Target Support Files/Pods-The Blessing/Pods-The Blessing.release.xcconfig"; sourceTree = "<group>"; };
		D4AC7E285525161BC519F796 /* Pods_The_Blessing.framework */ = {isa = PBXFileReference; explicitFileType = wrapper.framework; includeInIndex = 0; path = Pods_The_Blessing.framework; sourceTree = BUILT_PRODUCTS_DIR; };
		E460D850AB8D9AD8D85AC356 /* Pods-The Blessing.debug.xcconfig */ = {isa = PBXFileReference; includeInIndex = 1; lastKnownFileType = text.xcconfig; name = "Pods-The Blessing.debug.xcconfig"; path = "Target Support Files/Pods-The Blessing/Pods-The Blessing.debug.xcconfig"; sourceTree = "<group>"; };
/* End PBXFileReference section */

/* Begin PBXFrameworksBuildPhase section */
		0A83FF8724B662A1006B2153 /* Frameworks */ = {
			isa = PBXFrameworksBuildPhase;
			buildActionMask = 2147483647;
			files = (
				367E8FE8F82531507B3B62CC /* Pods_The_Blessing.framework in Frameworks */,
			);
			runOnlyForDeploymentPostprocessing = 0;
		};
/* End PBXFrameworksBuildPhase section */

/* Begin PBXGroup section */
		0A54E4C424B6719D00358DE4 /* Dashboard */ = {
			isa = PBXGroup;
			children = (
				0A54E4C524B671B300358DE4 /* DashboardViewController.swift */,
			);
			path = Dashboard;
			sourceTree = "<group>";
		};
		0A6ACA2E24B6BD7E0091B846 /* Core */ = {
			isa = PBXGroup;
			children = (
				0A83FF9824B662A3006B2153 /* LaunchScreen.storyboard */,
				0A83FF8D24B662A2006B2153 /* AppDelegate.swift */,
				0A83FF8F24B662A2006B2153 /* SceneDelegate.swift */,
			);
			path = Core;
			sourceTree = "<group>";
		};
		0A83FF8124B662A1006B2153 = {
			isa = PBXGroup;
			children = (
				0A83FF8C24B662A2006B2153 /* The Blessing */,
				0A83FF8B24B662A2006B2153 /* Products */,
				EBF6F2A471B6D8267838F083 /* Pods */,
				F5DB81EBC880D126F703CCB4 /* Frameworks */,
			);
			sourceTree = "<group>";
		};
		0A83FF8B24B662A2006B2153 /* Products */ = {
			isa = PBXGroup;
			children = (
				0A83FF8A24B662A2006B2153 /* The Blessing.app */,
			);
			name = Products;
			sourceTree = "<group>";
		};
		0A83FF8C24B662A2006B2153 /* The Blessing */ = {
			isa = PBXGroup;
			children = (
				0A83FF9324B662A2006B2153 /* Main.storyboard */,
				0A6ACA2E24B6BD7E0091B846 /* Core */,
				0A54E4C424B6719D00358DE4 /* Dashboard */,
				0A83FF9624B662A3006B2153 /* Assets.xcassets */,
				0A83FF9B24B662A3006B2153 /* Info.plist */,
				0A83FFA124B667D5006B2153 /* GoogleService-Info.plist */,
			);
			path = "The Blessing";
			sourceTree = "<group>";
		};
		EBF6F2A471B6D8267838F083 /* Pods */ = {
			isa = PBXGroup;
			children = (
				E460D850AB8D9AD8D85AC356 /* Pods-The Blessing.debug.xcconfig */,
				6BBB5732380747C0209BC78B /* Pods-The Blessing.release.xcconfig */,
			);
			path = Pods;
			sourceTree = "<group>";
		};
		F5DB81EBC880D126F703CCB4 /* Frameworks */ = {
			isa = PBXGroup;
			children = (
				D4AC7E285525161BC519F796 /* Pods_The_Blessing.framework */,
			);
			name = Frameworks;
			sourceTree = "<group>";
		};
/* End PBXGroup section */

/* Begin PBXNativeTarget section */
		0A83FF8924B662A1006B2153 /* The Blessing */ = {
			isa = PBXNativeTarget;
			buildConfigurationList = 0A83FF9E24B662A3006B2153 /* Build configuration list for PBXNativeTarget "The Blessing" */;
			buildPhases = (
				EE6CE534A6DFD195D096F186 /* [CP] Check Pods Manifest.lock */,
				0A83FF8624B662A1006B2153 /* Sources */,
				0A83FF8724B662A1006B2153 /* Frameworks */,
				0A83FF8824B662A1006B2153 /* Resources */,
			);
			buildRules = (
			);
			dependencies = (
			);
			name = "The Blessing";
			productName = "The Blessing";
			productReference = 0A83FF8A24B662A2006B2153 /* The Blessing.app */;
			productType = "com.apple.product-type.application";
		};
/* End PBXNativeTarget section */

/* Begin PBXProject section */
		0A83FF8224B662A1006B2153 /* Project object */ = {
			isa = PBXProject;
			attributes = {
				LastSwiftUpdateCheck = 1150;
				LastUpgradeCheck = 1150;
				ORGANIZATIONNAME = "Phillip Chan";
				TargetAttributes = {
					0A83FF8924B662A1006B2153 = {
						CreatedOnToolsVersion = 11.5;
					};
				};
			};
			buildConfigurationList = 0A83FF8524B662A1006B2153 /* Build configuration list for PBXProject "The Blessing" */;
			compatibilityVersion = "Xcode 9.3";
			developmentRegion = en;
			hasScannedForEncodings = 0;
			knownRegions = (
				en,
				Base,
			);
			mainGroup = 0A83FF8124B662A1006B2153;
			productRefGroup = 0A83FF8B24B662A2006B2153 /* Products */;
			projectDirPath = "";
			projectRoot = "";
			targets = (
				0A83FF8924B662A1006B2153 /* The Blessing */,
			);
		};
/* End PBXProject section */

/* Begin PBXResourcesBuildPhase section */
		0A83FF8824B662A1006B2153 /* Resources */ = {
			isa = PBXResourcesBuildPhase;
			buildActionMask = 2147483647;
			files = (
				0A83FF9A24B662A3006B2153 /* LaunchScreen.storyboard in Resources */,
				0A83FFA224B667D5006B2153 /* GoogleService-Info.plist in Resources */,
				0A83FF9724B662A3006B2153 /* Assets.xcassets in Resources */,
				0A83FF9524B662A2006B2153 /* Main.storyboard in Resources */,
			);
			runOnlyForDeploymentPostprocessing = 0;
		};
/* End PBXResourcesBuildPhase section */

/* Begin PBXShellScriptBuildPhase section */
		EE6CE534A6DFD195D096F186 /* [CP] Check Pods Manifest.lock */ = {
			isa = PBXShellScriptBuildPhase;
			buildActionMask = 2147483647;
			files = (
			);
			inputFileListPaths = (
			);
			inputPaths = (
				"${PODS_PODFILE_DIR_PATH}/Podfile.lock",
				"${PODS_ROOT}/Manifest.lock",
			);
			name = "[CP] Check Pods Manifest.lock";
			outputFileListPaths = (
			);
			outputPaths = (
				"$(DERIVED_FILE_DIR)/Pods-The Blessing-checkManifestLockResult.txt",
			);
			runOnlyForDeploymentPostprocessing = 0;
			shellPath = /bin/sh;
			shellScript = "diff \"${PODS_PODFILE_DIR_PATH}/Podfile.lock\" \"${PODS_ROOT}/Manifest.lock\" > /dev/null\nif [ $? != 0 ] ; then\n    # print error to STDERR\n    echo \"error: The sandbox is not in sync with the Podfile.lock. Run 'pod install' or update your CocoaPods installation.\" >&2\n    exit 1\nfi\n# This output is used by Xcode 'outputs' to avoid re-running this script phase.\necho \"SUCCESS\" > \"${SCRIPT_OUTPUT_FILE_0}\"\n";
			showEnvVarsInLog = 0;
		};
/* End PBXShellScriptBuildPhase section */

/* Begin PBXSourcesBuildPhase section */
		0A83FF8624B662A1006B2153 /* Sources */ = {
			isa = PBXSourcesBuildPhase;
			buildActionMask = 2147483647;
			files = (
				0A83FF8E24B662A2006B2153 /* AppDelegate.swift in Sources */,
				0A83FF9024B662A2006B2153 /* SceneDelegate.swift in Sources */,
				0A54E4C624B671B300358DE4 /* DashboardViewController.swift in Sources */,
			);
			runOnlyForDeploymentPostprocessing = 0;
		};
/* End PBXSourcesBuildPhase section */

/* Begin PBXVariantGroup section */
		0A83FF9324B662A2006B2153 /* Main.storyboard */ = {
			isa = PBXVariantGroup;
			children = (
				0A83FF9424B662A2006B2153 /* Base */,
			);
			name = Main.storyboard;
			sourceTree = "<group>";
		};
		0A83FF9824B662A3006B2153 /* LaunchScreen.storyboard */ = {
			isa = PBXVariantGroup;
			children = (
				0A83FF9924B662A3006B2153 /* Base */,
			);
			name = LaunchScreen.storyboard;
			sourceTree = "<group>";
		};
/* End PBXVariantGroup section */

/* Begin XCBuildConfiguration section */
		0A83FF9C24B662A3006B2153 /* Debug */ = {
			isa = XCBuildConfiguration;
			buildSettings = {
				ALWAYS_SEARCH_USER_PATHS = NO;
				CLANG_ANALYZER_NONNULL = YES;
				CLANG_ANALYZER_NUMBER_OBJECT_CONVERSION = YES_AGGRESSIVE;
				CLANG_CXX_LANGUAGE_STANDARD = "gnu++14";
				CLANG_CXX_LIBRARY = "libc++";
				CLANG_ENABLE_MODULES = YES;
				CLANG_ENABLE_OBJC_ARC = YES;
				CLANG_ENABLE_OBJC_WEAK = YES;
				CLANG_WARN_BLOCK_CAPTURE_AUTORELEASING = YES;
				CLANG_WARN_BOOL_CONVERSION = YES;
				CLANG_WARN_COMMA = YES;
				CLANG_WARN_CONSTANT_CONVERSION = YES;
				CLANG_WARN_DEPRECATED_OBJC_IMPLEMENTATIONS = YES;
				CLANG_WARN_DIRECT_OBJC_ISA_USAGE = YES_ERROR;
				CLANG_WARN_DOCUMENTATION_COMMENTS = YES;
				CLANG_WARN_EMPTY_BODY = YES;
				CLANG_WARN_ENUM_CONVERSION = YES;
				CLANG_WARN_INFINITE_RECURSION = YES;
				CLANG_WARN_INT_CONVERSION = YES;
				CLANG_WARN_NON_LITERAL_NULL_CONVERSION = YES;
				CLANG_WARN_OBJC_IMPLICIT_RETAIN_SELF = YES;
				CLANG_WARN_OBJC_LITERAL_CONVERSION = YES;
				CLANG_WARN_OBJC_ROOT_CLASS = YES_ERROR;
				CLANG_WARN_RANGE_LOOP_ANALYSIS = YES;
				CLANG_WARN_STRICT_PROTOTYPES = YES;
				CLANG_WARN_SUSPICIOUS_MOVE = YES;
				CLANG_WARN_UNGUARDED_AVAILABILITY = YES_AGGRESSIVE;
				CLANG_WARN_UNREACHABLE_CODE = YES;
				CLANG_WARN__DUPLICATE_METHOD_MATCH = YES;
				COPY_PHASE_STRIP = NO;
				DEBUG_INFORMATION_FORMAT = dwarf;
				ENABLE_STRICT_OBJC_MSGSEND = YES;
				ENABLE_TESTABILITY = YES;
				GCC_C_LANGUAGE_STANDARD = gnu11;
				GCC_DYNAMIC_NO_PIC = NO;
				GCC_NO_COMMON_BLOCKS = YES;
				GCC_OPTIMIZATION_LEVEL = 0;
				GCC_PREPROCESSOR_DEFINITIONS = (
					"DEBUG=1",
					"$(inherited)",
				);
				GCC_WARN_64_TO_32_BIT_CONVERSION = YES;
				GCC_WARN_ABOUT_RETURN_TYPE = YES_ERROR;
				GCC_WARN_UNDECLARED_SELECTOR = YES;
				GCC_WARN_UNINITIALIZED_AUTOS = YES_AGGRESSIVE;
				GCC_WARN_UNUSED_FUNCTION = YES;
				GCC_WARN_UNUSED_VARIABLE = YES;
				IPHONEOS_DEPLOYMENT_TARGET = 13.5;
				MTL_ENABLE_DEBUG_INFO = INCLUDE_SOURCE;
				MTL_FAST_MATH = YES;
				ONLY_ACTIVE_ARCH = YES;
				SDKROOT = iphoneos;
				SWIFT_ACTIVE_COMPILATION_CONDITIONS = DEBUG;
				SWIFT_OPTIMIZATION_LEVEL = "-Onone";
			};
			name = Debug;
		};
		0A83FF9D24B662A3006B2153 /* Release */ = {
			isa = XCBuildConfiguration;
			buildSettings = {
				ALWAYS_SEARCH_USER_PATHS = NO;
				CLANG_ANALYZER_NONNULL = YES;
				CLANG_ANALYZER_NUMBER_OBJECT_CONVERSION = YES_AGGRESSIVE;
				CLANG_CXX_LANGUAGE_STANDARD = "gnu++14";
				CLANG_CXX_LIBRARY = "libc++";
				CLANG_ENABLE_MODULES = YES;
				CLANG_ENABLE_OBJC_ARC = YES;
				CLANG_ENABLE_OBJC_WEAK = YES;
				CLANG_WARN_BLOCK_CAPTURE_AUTORELEASING = YES;
				CLANG_WARN_BOOL_CONVERSION = YES;
				CLANG_WARN_COMMA = YES;
				CLANG_WARN_CONSTANT_CONVERSION = YES;
				CLANG_WARN_DEPRECATED_OBJC_IMPLEMENTATIONS = YES;
				CLANG_WARN_DIRECT_OBJC_ISA_USAGE = YES_ERROR;
				CLANG_WARN_DOCUMENTATION_COMMENTS = YES;
				CLANG_WARN_EMPTY_BODY = YES;
				CLANG_WARN_ENUM_CONVERSION = YES;
				CLANG_WARN_INFINITE_RECURSION = YES;
				CLANG_WARN_INT_CONVERSION = YES;
				CLANG_WARN_NON_LITERAL_NULL_CONVERSION = YES;
				CLANG_WARN_OBJC_IMPLICIT_RETAIN_SELF = YES;
				CLANG_WARN_OBJC_LITERAL_CONVERSION = YES;
				CLANG_WARN_OBJC_ROOT_CLASS = YES_ERROR;
				CLANG_WARN_RANGE_LOOP_ANALYSIS = YES;
				CLANG_WARN_STRICT_PROTOTYPES = YES;
				CLANG_WARN_SUSPICIOUS_MOVE = YES;
				CLANG_WARN_UNGUARDED_AVAILABILITY = YES_AGGRESSIVE;
				CLANG_WARN_UNREACHABLE_CODE = YES;
				CLANG_WARN__DUPLICATE_METHOD_MATCH = YES;
				COPY_PHASE_STRIP = NO;
				DEBUG_INFORMATION_FORMAT = "dwarf-with-dsym";
				ENABLE_NS_ASSERTIONS = NO;
				ENABLE_STRICT_OBJC_MSGSEND = YES;
				GCC_C_LANGUAGE_STANDARD = gnu11;
				GCC_NO_COMMON_BLOCKS = YES;
				GCC_WARN_64_TO_32_BIT_CONVERSION = YES;
				GCC_WARN_ABOUT_RETURN_TYPE = YES_ERROR;
				GCC_WARN_UNDECLARED_SELECTOR = YES;
				GCC_WARN_UNINITIALIZED_AUTOS = YES_AGGRESSIVE;
				GCC_WARN_UNUSED_FUNCTION = YES;
				GCC_WARN_UNUSED_VARIABLE = YES;
				IPHONEOS_DEPLOYMENT_TARGET = 13.5;
				MTL_ENABLE_DEBUG_INFO = NO;
				MTL_FAST_MATH = YES;
				SDKROOT = iphoneos;
				SWIFT_COMPILATION_MODE = wholemodule;
				SWIFT_OPTIMIZATION_LEVEL = "-O";
				VALIDATE_PRODUCT = YES;
			};
			name = Release;
		};
		0A83FF9F24B662A3006B2153 /* Debug */ = {
			isa = XCBuildConfiguration;
			baseConfigurationReference = E460D850AB8D9AD8D85AC356 /* Pods-The Blessing.debug.xcconfig */;
			buildSettings = {
				ASSETCATALOG_COMPILER_APPICON_NAME = AppIcon;
				CODE_SIGN_IDENTITY = "Apple Development";
				CODE_SIGN_STYLE = Automatic;
				DEVELOPMENT_TEAM = 4629AQ24Z2;
				INFOPLIST_FILE = "The Blessing/Info.plist";
				IPHONEOS_DEPLOYMENT_TARGET = 13.4;
				LD_RUNPATH_SEARCH_PATHS = (
					"$(inherited)",
					"@executable_path/Frameworks",
				);
				MARKETING_VERSION = 0.1;
				PRODUCT_BUNDLE_IDENTIFIER = "app.phillip.The-Blessing";
				PRODUCT_NAME = "$(TARGET_NAME)";
				PROVISIONING_PROFILE_SPECIFIER = "";
				SWIFT_VERSION = 5.0;
				TARGETED_DEVICE_FAMILY = 1;
			};
			name = Debug;
		};
		0A83FFA024B662A3006B2153 /* Release */ = {
			isa = XCBuildConfiguration;
			baseConfigurationReference = 6BBB5732380747C0209BC78B /* Pods-The Blessing.release.xcconfig */;
			buildSettings = {
				ASSETCATALOG_COMPILER_APPICON_NAME = AppIcon;
				CODE_SIGN_IDENTITY = "Apple Development";
				CODE_SIGN_STYLE = Automatic;
				DEVELOPMENT_TEAM = 4629AQ24Z2;
				INFOPLIST_FILE = "The Blessing/Info.plist";
				IPHONEOS_DEPLOYMENT_TARGET = 13.4;
				LD_RUNPATH_SEARCH_PATHS = (
					"$(inherited)",
					"@executable_path/Frameworks",
				);
				MARKETING_VERSION = 0.1;
				PRODUCT_BUNDLE_IDENTIFIER = "app.phillip.The-Blessing";
				PRODUCT_NAME = "$(TARGET_NAME)";
				PROVISIONING_PROFILE_SPECIFIER = "";
				SWIFT_VERSION = 5.0;
				TARGETED_DEVICE_FAMILY = 1;
			};
			name = Release;
		};
/* End XCBuildConfiguration section */

/* Begin XCConfigurationList section */
		0A83FF8524B662A1006B2153 /* Build configuration list for PBXProject "The Blessing" */ = {
			isa = XCConfigurationList;
			buildConfigurations = (
				0A83FF9C24B662A3006B2153 /* Debug */,
				0A83FF9D24B662A3006B2153 /* Release */,
			);
			defaultConfigurationIsVisible = 0;
			defaultConfigurationName = Release;
		};
		0A83FF9E24B662A3006B2153 /* Build configuration list for PBXNativeTarget "The Blessing" */ = {
			isa = XCConfigurationList;
			buildConfigurations = (
				0A83FF9F24B662A3006B2153 /* Debug */,
				0A83FFA024B662A3006B2153 /* Release */,
			);
			defaultConfigurationIsVisible = 0;
			defaultConfigurationName = Release;
		};
/* End XCConfigurationList section */
	};
	rootObject = 0A83FF8224B662A1006B2153 /* Project object */;
}
